// !$*UTF8*$!
{
	archiveVersion = 1;
	classes = {
	};
	objectVersion = 51;
	objects = {

/* Begin PBXBuildFile section */
		732EC2AF686082353851DD3C /* Pods_POC.framework in Frameworks */ = {isa = PBXBuildFile; fileRef = 645CB3F8FFA72AB2CF2525E3 /* Pods_POC.framework */; };
		F030FC40242961ED00F9DAA9 /* AppDelegate.swift in Sources */ = {isa = PBXBuildFile; fileRef = F030FC3F242961ED00F9DAA9 /* AppDelegate.swift */; };
		F030FC42242961ED00F9DAA9 /* SceneDelegate.swift in Sources */ = {isa = PBXBuildFile; fileRef = F030FC41242961ED00F9DAA9 /* SceneDelegate.swift */; };
		F030FC47242961ED00F9DAA9 /* Main.storyboard in Resources */ = {isa = PBXBuildFile; fileRef = F030FC45242961ED00F9DAA9 /* Main.storyboard */; };
		F030FC49242961EE00F9DAA9 /* Assets.xcassets in Resources */ = {isa = PBXBuildFile; fileRef = F030FC48242961EE00F9DAA9 /* Assets.xcassets */; };
		F030FC4C242961EE00F9DAA9 /* LaunchScreen.storyboard in Resources */ = {isa = PBXBuildFile; fileRef = F030FC4A242961EE00F9DAA9 /* LaunchScreen.storyboard */; };
		F030FC55242966CB00F9DAA9 /* ListViewController.swift in Sources */ = {isa = PBXBuildFile; fileRef = F030FC53242966CB00F9DAA9 /* ListViewController.swift */; };
		F030FC56242966CB00F9DAA9 /* ListViewController.xib in Resources */ = {isa = PBXBuildFile; fileRef = F030FC54242966CB00F9DAA9 /* ListViewController.xib */; };
		F030FC5B24296A2100F9DAA9 /* ListCell.swift in Sources */ = {isa = PBXBuildFile; fileRef = F030FC5924296A2100F9DAA9 /* ListCell.swift */; };
		F030FC5C24296A2100F9DAA9 /* ListCell.xib in Resources */ = {isa = PBXBuildFile; fileRef = F030FC5A24296A2100F9DAA9 /* ListCell.xib */; };
		F030FC60242975C500F9DAA9 /* ListViewModel.swift in Sources */ = {isa = PBXBuildFile; fileRef = F030FC5F242975C500F9DAA9 /* ListViewModel.swift */; };
		F030FC642429794E00F9DAA9 /* User.swift in Sources */ = {isa = PBXBuildFile; fileRef = F030FC632429794E00F9DAA9 /* User.swift */; };
/* End PBXBuildFile section */

/* Begin PBXFileReference section */
		645CB3F8FFA72AB2CF2525E3 /* Pods_POC.framework */ = {isa = PBXFileReference; explicitFileType = wrapper.framework; includeInIndex = 0; path = Pods_POC.framework; sourceTree = BUILT_PRODUCTS_DIR; };
		A37E19CA501B946ECB52F1AF /* Pods-POC.debug.xcconfig */ = {isa = PBXFileReference; includeInIndex = 1; lastKnownFileType = text.xcconfig; name = "Pods-POC.debug.xcconfig"; path = "Target Support Files/Pods-POC/Pods-POC.debug.xcconfig"; sourceTree = "<group>"; };
		C9C6377F083263D62FEA5458 /* Pods-POC.release.xcconfig */ = {isa = PBXFileReference; includeInIndex = 1; lastKnownFileType = text.xcconfig; name = "Pods-POC.release.xcconfig"; path = "Target Support Files/Pods-POC/Pods-POC.release.xcconfig"; sourceTree = "<group>"; };
		F030FC3C242961ED00F9DAA9 /* POC.app */ = {isa = PBXFileReference; explicitFileType = wrapper.application; includeInIndex = 0; path = POC.app; sourceTree = BUILT_PRODUCTS_DIR; };
		F030FC3F242961ED00F9DAA9 /* AppDelegate.swift */ = {isa = PBXFileReference; lastKnownFileType = sourcecode.swift; path = AppDelegate.swift; sourceTree = "<group>"; };
		F030FC41242961ED00F9DAA9 /* SceneDelegate.swift */ = {isa = PBXFileReference; lastKnownFileType = sourcecode.swift; path = SceneDelegate.swift; sourceTree = "<group>"; };
		F030FC46242961ED00F9DAA9 /* Base */ = {isa = PBXFileReference; lastKnownFileType = file.storyboard; name = Base; path = Base.lproj/Main.storyboard; sourceTree = "<group>"; };
		F030FC48242961EE00F9DAA9 /* Assets.xcassets */ = {isa = PBXFileReference; lastKnownFileType = folder.assetcatalog; path = Assets.xcassets; sourceTree = "<group>"; };
		F030FC4B242961EE00F9DAA9 /* Base */ = {isa = PBXFileReference; lastKnownFileType = file.storyboard; name = Base; path = Base.lproj/LaunchScreen.storyboard; sourceTree = "<group>"; };
		F030FC4D242961EE00F9DAA9 /* Info.plist */ = {isa = PBXFileReference; lastKnownFileType = text.plist.xml; path = Info.plist; sourceTree = "<group>"; };
		F030FC53242966CB00F9DAA9 /* ListViewController.swift */ = {isa = PBXFileReference; lastKnownFileType = sourcecode.swift; path = ListViewController.swift; sourceTree = "<group>"; };
		F030FC54242966CB00F9DAA9 /* ListViewController.xib */ = {isa = PBXFileReference; lastKnownFileType = file.xib; path = ListViewController.xib; sourceTree = "<group>"; };
		F030FC5924296A2100F9DAA9 /* ListCell.swift */ = {isa = PBXFileReference; lastKnownFileType = sourcecode.swift; path = ListCell.swift; sourceTree = "<group>"; };
		F030FC5A24296A2100F9DAA9 /* ListCell.xib */ = {isa = PBXFileReference; lastKnownFileType = file.xib; path = ListCell.xib; sourceTree = "<group>"; };
		F030FC5F242975C500F9DAA9 /* ListViewModel.swift */ = {isa = PBXFileReference; lastKnownFileType = sourcecode.swift; path = ListViewModel.swift; sourceTree = "<group>"; };
		F030FC632429794E00F9DAA9 /* User.swift */ = {isa = PBXFileReference; lastKnownFileType = sourcecode.swift; path = User.swift; sourceTree = "<group>"; };
/* End PBXFileReference section */

/* Begin PBXFrameworksBuildPhase section */
		F030FC39242961ED00F9DAA9 /* Frameworks */ = {
			isa = PBXFrameworksBuildPhase;
			buildActionMask = 2147483647;
			files = (
				732EC2AF686082353851DD3C /* Pods_POC.framework in Frameworks */,
			);
			runOnlyForDeploymentPostprocessing = 0;
		};
/* End PBXFrameworksBuildPhase section */

/* Begin PBXGroup section */
		52CF832D3AF0C732B8E971D3 /* Pods */ = {
			isa = PBXGroup;
			children = (
				A37E19CA501B946ECB52F1AF /* Pods-POC.debug.xcconfig */,
				C9C6377F083263D62FEA5458 /* Pods-POC.release.xcconfig */,
			);
			path = Pods;
			sourceTree = "<group>";
		};
		BE00A426EA6A76FEB81FCE70 /* Frameworks */ = {
			isa = PBXGroup;
			children = (
				645CB3F8FFA72AB2CF2525E3 /* Pods_POC.framework */,
			);
			name = Frameworks;
			sourceTree = "<group>";
		};
		F030FC33242961ED00F9DAA9 = {
			isa = PBXGroup;
			children = (
				F030FC3E242961ED00F9DAA9 /* POC */,
				F030FC3D242961ED00F9DAA9 /* Products */,
				52CF832D3AF0C732B8E971D3 /* Pods */,
				BE00A426EA6A76FEB81FCE70 /* Frameworks */,
			);
			sourceTree = "<group>";
		};
		F030FC3D242961ED00F9DAA9 /* Products */ = {
			isa = PBXGroup;
			children = (
				F030FC3C242961ED00F9DAA9 /* POC.app */,
			);
			name = Products;
			sourceTree = "<group>";
		};
		F030FC3E242961ED00F9DAA9 /* POC */ = {
			isa = PBXGroup;
			children = (
				F030FC582429699F00F9DAA9 /* AppDelegate */,
				F030FC652429795900F9DAA9 /* Model */,
				F030FC5E242973E900F9DAA9 /* ViewController */,
				F030FC45242961ED00F9DAA9 /* Main.storyboard */,
				F030FC48242961EE00F9DAA9 /* Assets.xcassets */,
				F030FC4A242961EE00F9DAA9 /* LaunchScreen.storyboard */,
				F030FC4D242961EE00F9DAA9 /* Info.plist */,
			);
			path = POC;
			sourceTree = "<group>";
		};
		F030FC572429695D00F9DAA9 /* List */ = {
			isa = PBXGroup;
			children = (
				F030FC5F242975C500F9DAA9 /* ListViewModel.swift */,
				F030FC53242966CB00F9DAA9 /* ListViewController.swift */,
				F030FC54242966CB00F9DAA9 /* ListViewController.xib */,
				F030FC5D24296A2700F9DAA9 /* Cell */,
			);
			path = List;
			sourceTree = "<group>";
		};
		F030FC582429699F00F9DAA9 /* AppDelegate */ = {
			isa = PBXGroup;
			children = (
				F030FC3F242961ED00F9DAA9 /* AppDelegate.swift */,
				F030FC41242961ED00F9DAA9 /* SceneDelegate.swift */,
			);
			path = AppDelegate;
			sourceTree = "<group>";
		};
		F030FC5D24296A2700F9DAA9 /* Cell */ = {
			isa = PBXGroup;
			children = (
				F030FC5924296A2100F9DAA9 /* ListCell.swift */,
				F030FC5A24296A2100F9DAA9 /* ListCell.xib */,
			);
			path = Cell;
			sourceTree = "<group>";
		};
		F030FC5E242973E900F9DAA9 /* ViewController */ = {
			isa = PBXGroup;
			children = (
				F030FC572429695D00F9DAA9 /* List */,
			);
			path = ViewController;
			sourceTree = "<group>";
		};
		F030FC652429795900F9DAA9 /* Model */ = {
			isa = PBXGroup;
			children = (
				F030FC632429794E00F9DAA9 /* User.swift */,
			);
			path = Model;
			sourceTree = "<group>";
		};
/* End PBXGroup section */

/* Begin PBXNativeTarget section */
		F030FC3B242961ED00F9DAA9 /* POC */ = {
			isa = PBXNativeTarget;
			buildConfigurationList = F030FC50242961EE00F9DAA9 /* Build configuration list for PBXNativeTarget "POC" */;
			buildPhases = (
				0341DAA7BC2A028295A3C983 /* [CP] Check Pods Manifest.lock */,
				F030FC38242961ED00F9DAA9 /* Sources */,
				F030FC39242961ED00F9DAA9 /* Frameworks */,
				F030FC3A242961ED00F9DAA9 /* Resources */,
				071154661C37BABB274E6423 /* [CP] Embed Pods Frameworks */,
			);
			buildRules = (
			);
			dependencies = (
			);
			name = POC;
			productName = POC;
			productReference = F030FC3C242961ED00F9DAA9 /* POC.app */;
			productType = "com.apple.product-type.application";
		};
/* End PBXNativeTarget section */

/* Begin PBXProject section */
		F030FC34242961ED00F9DAA9 /* Project object */ = {
			isa = PBXProject;
			attributes = {
				LastSwiftUpdateCheck = 1130;
				LastUpgradeCheck = 1130;
				ORGANIZATIONNAME = "Cheryl Chen";
				TargetAttributes = {
					F030FC3B242961ED00F9DAA9 = {
						CreatedOnToolsVersion = 11.3.1;
					};
				};
			};
			buildConfigurationList = F030FC37242961ED00F9DAA9 /* Build configuration list for PBXProject "POC" */;
			compatibilityVersion = "Xcode 9.3";
			developmentRegion = en;
			hasScannedForEncodings = 0;
			knownRegions = (
				en,
				Base,
			);
			mainGroup = F030FC33242961ED00F9DAA9;
			productRefGroup = F030FC3D242961ED00F9DAA9 /* Products */;
			projectDirPath = "";
			projectRoot = "";
			targets = (
				F030FC3B242961ED00F9DAA9 /* POC */,
			);
		};
/* End PBXProject section */

/* Begin PBXResourcesBuildPhase section */
		F030FC3A242961ED00F9DAA9 /* Resources */ = {
			isa = PBXResourcesBuildPhase;
			buildActionMask = 2147483647;
			files = (
				F030FC4C242961EE00F9DAA9 /* LaunchScreen.storyboard in Resources */,
				F030FC49242961EE00F9DAA9 /* Assets.xcassets in Resources */,
				F030FC56242966CB00F9DAA9 /* ListViewController.xib in Resources */,
				F030FC47242961ED00F9DAA9 /* Main.storyboard in Resources */,
				F030FC5C24296A2100F9DAA9 /* ListCell.xib in Resources */,
			);
			runOnlyForDeploymentPostprocessing = 0;
		};
/* End PBXResourcesBuildPhase section */

/* Begin PBXShellScriptBuildPhase section */
		0341DAA7BC2A028295A3C983 /* [CP] Check Pods Manifest.lock */ = {
			isa = PBXShellScriptBuildPhase;
			buildActionMask = 2147483647;
			files = (
			);
			inputFileListPaths = (
			);
			inputPaths = (
				"${PODS_PODFILE_DIR_PATH}/Podfile.lock",
				"${PODS_ROOT}/Manifest.lock",
			);
			name = "[CP] Check Pods Manifest.lock";
			outputFileListPaths = (
			);
			outputPaths = (
				"$(DERIVED_FILE_DIR)/Pods-POC-checkManifestLockResult.txt",
			);
			runOnlyForDeploymentPostprocessing = 0;
			shellPath = /bin/sh;
			shellScript = "diff \"${PODS_PODFILE_DIR_PATH}/Podfile.lock\" \"${PODS_ROOT}/Manifest.lock\" > /dev/null\nif [ $? != 0 ] ; then\n    # print error to STDERR\n    echo \"error: The sandbox is not in sync with the Podfile.lock. Run 'pod install' or update your CocoaPods installation.\" >&2\n    exit 1\nfi\n# This output is used by Xcode 'outputs' to avoid re-running this script phase.\necho \"SUCCESS\" > \"${SCRIPT_OUTPUT_FILE_0}\"\n";
			showEnvVarsInLog = 0;
		};
		071154661C37BABB274E6423 /* [CP] Embed Pods Frameworks */ = {
			isa = PBXShellScriptBuildPhase;
			buildActionMask = 2147483647;
			files = (
			);
			inputFileListPaths = (
				"${PODS_ROOT}/Target Support Files/Pods-POC/Pods-POC-frameworks-${CONFIGURATION}-input-files.xcfilelist",
			);
			name = "[CP] Embed Pods Frameworks";
			outputFileListPaths = (
				"${PODS_ROOT}/Target Support Files/Pods-POC/Pods-POC-frameworks-${CONFIGURATION}-output-files.xcfilelist",
			);
			runOnlyForDeploymentPostprocessing = 0;
			shellPath = /bin/sh;
			shellScript = "\"${PODS_ROOT}/Target Support Files/Pods-POC/Pods-POC-frameworks.sh\"\n";
			showEnvVarsInLog = 0;
		};
/* End PBXShellScriptBuildPhase section */

/* Begin PBXSourcesBuildPhase section */
		F030FC38242961ED00F9DAA9 /* Sources */ = {
			isa = PBXSourcesBuildPhase;
			buildActionMask = 2147483647;
			files = (
				F030FC60242975C500F9DAA9 /* ListViewModel.swift in Sources */,
				F030FC40242961ED00F9DAA9 /* AppDelegate.swift in Sources */,
				F030FC642429794E00F9DAA9 /* User.swift in Sources */,
				F030FC5B24296A2100F9DAA9 /* ListCell.swift in Sources */,
				F030FC55242966CB00F9DAA9 /* ListViewController.swift in Sources */,
				F030FC42242961ED00F9DAA9 /* SceneDelegate.swift in Sources */,
			);
			runOnlyForDeploymentPostprocessing = 0;
		};
/* End PBXSourcesBuildPhase section */

/* Begin PBXVariantGroup section */
		F030FC45242961ED00F9DAA9 /* Main.storyboard */ = {
			isa = PBXVariantGroup;
			children = (
				F030FC46242961ED00F9DAA9 /* Base */,
			);
			name = Main.storyboard;
			sourceTree = "<group>";
		};
		F030FC4A242961EE00F9DAA9 /* LaunchScreen.storyboard */ = {
			isa = PBXVariantGroup;
			children = (
				F030FC4B242961EE00F9DAA9 /* Base */,
			);
			name = LaunchScreen.storyboard;
			sourceTree = "<group>";
		};
/* End PBXVariantGroup section */

/* Begin XCBuildConfiguration section */
		F030FC4E242961EE00F9DAA9 /* Debug */ = {
			isa = XCBuildConfiguration;
			buildSettings = {
				ALWAYS_SEARCH_USER_PATHS = NO;
				CLANG_ANALYZER_NONNULL = YES;
				CLANG_ANALYZER_NUMBER_OBJECT_CONVERSION = YES_AGGRESSIVE;
				CLANG_CXX_LANGUAGE_STANDARD = "gnu++14";
				CLANG_CXX_LIBRARY = "libc++";
				CLANG_ENABLE_MODULES = YES;
				CLANG_ENABLE_OBJC_ARC = YES;
				CLANG_ENABLE_OBJC_WEAK = YES;
				CLANG_WARN_BLOCK_CAPTURE_AUTORELEASING = YES;
				CLANG_WARN_BOOL_CONVERSION = YES;
				CLANG_WARN_COMMA = YES;
				CLANG_WARN_CONSTANT_CONVERSION = YES;
				CLANG_WARN_DEPRECATED_OBJC_IMPLEMENTATIONS = YES;
				CLANG_WARN_DIRECT_OBJC_ISA_USAGE = YES_ERROR;
				CLANG_WARN_DOCUMENTATION_COMMENTS = YES;
				CLANG_WARN_EMPTY_BODY = YES;
				CLANG_WARN_ENUM_CONVERSION = YES;
				CLANG_WARN_INFINITE_RECURSION = YES;
				CLANG_WARN_INT_CONVERSION = YES;
				CLANG_WARN_NON_LITERAL_NULL_CONVERSION = YES;
				CLANG_WARN_OBJC_IMPLICIT_RETAIN_SELF = YES;
				CLANG_WARN_OBJC_LITERAL_CONVERSION = YES;
				CLANG_WARN_OBJC_ROOT_CLASS = YES_ERROR;
				CLANG_WARN_RANGE_LOOP_ANALYSIS = YES;
				CLANG_WARN_STRICT_PROTOTYPES = YES;
				CLANG_WARN_SUSPICIOUS_MOVE = YES;
				CLANG_WARN_UNGUARDED_AVAILABILITY = YES_AGGRESSIVE;
				CLANG_WARN_UNREACHABLE_CODE = YES;
				CLANG_WARN__DUPLICATE_METHOD_MATCH = YES;
				COPY_PHASE_STRIP = NO;
				DEBUG_INFORMATION_FORMAT = dwarf;
				ENABLE_STRICT_OBJC_MSGSEND = YES;
				ENABLE_TESTABILITY = YES;
				GCC_C_LANGUAGE_STANDARD = gnu11;
				GCC_DYNAMIC_NO_PIC = NO;
				GCC_NO_COMMON_BLOCKS = YES;
				GCC_OPTIMIZATION_LEVEL = 0;
				GCC_PREPROCESSOR_DEFINITIONS = (
					"DEBUG=1",
					"$(inherited)",
				);
				GCC_WARN_64_TO_32_BIT_CONVERSION = YES;
				GCC_WARN_ABOUT_RETURN_TYPE = YES_ERROR;
				GCC_WARN_UNDECLARED_SELECTOR = YES;
				GCC_WARN_UNINITIALIZED_AUTOS = YES_AGGRESSIVE;
				GCC_WARN_UNUSED_FUNCTION = YES;
				GCC_WARN_UNUSED_VARIABLE = YES;
				IPHONEOS_DEPLOYMENT_TARGET = 13.2;
				MTL_ENABLE_DEBUG_INFO = INCLUDE_SOURCE;
				MTL_FAST_MATH = YES;
				ONLY_ACTIVE_ARCH = YES;
				SDKROOT = iphoneos;
				SWIFT_ACTIVE_COMPILATION_CONDITIONS = DEBUG;
				SWIFT_OPTIMIZATION_LEVEL = "-Onone";
			};
			name = Debug;
		};
		F030FC4F242961EE00F9DAA9 /* Release */ = {
			isa = XCBuildConfiguration;
			buildSettings = {
				ALWAYS_SEARCH_USER_PATHS = NO;
				CLANG_ANALYZER_NONNULL = YES;
				CLANG_ANALYZER_NUMBER_OBJECT_CONVERSION = YES_AGGRESSIVE;
				CLANG_CXX_LANGUAGE_STANDARD = "gnu++14";
				CLANG_CXX_LIBRARY = "libc++";
				CLANG_ENABLE_MODULES = YES;
				CLANG_ENABLE_OBJC_ARC = YES;
				CLANG_ENABLE_OBJC_WEAK = YES;
				CLANG_WARN_BLOCK_CAPTURE_AUTORELEASING = YES;
				CLANG_WARN_BOOL_CONVERSION = YES;
				CLANG_WARN_COMMA = YES;
				CLANG_WARN_CONSTANT_CONVERSION = YES;
				CLANG_WARN_DEPRECATED_OBJC_IMPLEMENTATIONS = YES;
				CLANG_WARN_DIRECT_OBJC_ISA_USAGE = YES_ERROR;
				CLANG_WARN_DOCUMENTATION_COMMENTS = YES;
				CLANG_WARN_EMPTY_BODY = YES;
				CLANG_WARN_ENUM_CONVERSION = YES;
				CLANG_WARN_INFINITE_RECURSION = YES;
				CLANG_WARN_INT_CONVERSION = YES;
				CLANG_WARN_NON_LITERAL_NULL_CONVERSION = YES;
				CLANG_WARN_OBJC_IMPLICIT_RETAIN_SELF = YES;
				CLANG_WARN_OBJC_LITERAL_CONVERSION = YES;
				CLANG_WARN_OBJC_ROOT_CLASS = YES_ERROR;
				CLANG_WARN_RANGE_LOOP_ANALYSIS = YES;
				CLANG_WARN_STRICT_PROTOTYPES = YES;
				CLANG_WARN_SUSPICIOUS_MOVE = YES;
				CLANG_WARN_UNGUARDED_AVAILABILITY = YES_AGGRESSIVE;
				CLANG_WARN_UNREACHABLE_CODE = YES;
				CLANG_WARN__DUPLICATE_METHOD_MATCH = YES;
				COPY_PHASE_STRIP = NO;
				DEBUG_INFORMATION_FORMAT = "dwarf-with-dsym";
				ENABLE_NS_ASSERTIONS = NO;
				ENABLE_STRICT_OBJC_MSGSEND = YES;
				GCC_C_LANGUAGE_STANDARD = gnu11;
				GCC_NO_COMMON_BLOCKS = YES;
				GCC_WARN_64_TO_32_BIT_CONVERSION = YES;
				GCC_WARN_ABOUT_RETURN_TYPE = YES_ERROR;
				GCC_WARN_UNDECLARED_SELECTOR = YES;
				GCC_WARN_UNINITIALIZED_AUTOS = YES_AGGRESSIVE;
				GCC_WARN_UNUSED_FUNCTION = YES;
				GCC_WARN_UNUSED_VARIABLE = YES;
				IPHONEOS_DEPLOYMENT_TARGET = 13.2;
				MTL_ENABLE_DEBUG_INFO = NO;
				MTL_FAST_MATH = YES;
				SDKROOT = iphoneos;
				SWIFT_COMPILATION_MODE = wholemodule;
				SWIFT_OPTIMIZATION_LEVEL = "-O";
				VALIDATE_PRODUCT = YES;
			};
			name = Release;
		};
		F030FC51242961EE00F9DAA9 /* Debug */ = {
			isa = XCBuildConfiguration;
			baseConfigurationReference = A37E19CA501B946ECB52F1AF /* Pods-POC.debug.xcconfig */;
			buildSettings = {
				ASSETCATALOG_COMPILER_APPICON_NAME = AppIcon;
				CODE_SIGN_STYLE = Automatic;
				CURRENT_PROJECT_VERSION = 0;
				DEVELOPMENT_TEAM = 37Q58WDHKM;
				INFOPLIST_FILE = POC/Info.plist;
				IPHONEOS_DEPLOYMENT_TARGET = 11.0;
				LD_RUNPATH_SEARCH_PATHS = (
					"$(inherited)",
					"@executable_path/Frameworks",
				);
				MARKETING_VERSION = 1.0;
				PRODUCT_BUNDLE_IDENTIFIER = com.thinkpower.POC;
				PRODUCT_NAME = "$(TARGET_NAME)";
				SWIFT_VERSION = 5.0;
				TARGETED_DEVICE_FAMILY = "1,2";
			};
			name = Debug;
		};
		F030FC52242961EE00F9DAA9 /* Release */ = {
			isa = XCBuildConfiguration;
			baseConfigurationReference = C9C6377F083263D62FEA5458 /* Pods-POC.release.xcconfig */;
			buildSettings = {
				ASSETCATALOG_COMPILER_APPICON_NAME = AppIcon;
				CODE_SIGN_STYLE = Automatic;
				CURRENT_PROJECT_VERSION = 0;
				DEVELOPMENT_TEAM = 37Q58WDHKM;
				INFOPLIST_FILE = POC/Info.plist;
				IPHONEOS_DEPLOYMENT_TARGET = 11.0;
				LD_RUNPATH_SEARCH_PATHS = (
					"$(inherited)",
					"@executable_path/Frameworks",
				);
				MARKETING_VERSION = 1.0;
				PRODUCT_BUNDLE_IDENTIFIER = com.thinkpower.POC;
				PRODUCT_NAME = "$(TARGET_NAME)";
				SWIFT_VERSION = 5.0;
				TARGETED_DEVICE_FAMILY = "1,2";
			};
			name = Release;
		};
/* End XCBuildConfiguration section */

/* Begin XCConfigurationList section */
		F030FC37242961ED00F9DAA9 /* Build configuration list for PBXProject "POC" */ = {
			isa = XCConfigurationList;
			buildConfigurations = (
				F030FC4E242961EE00F9DAA9 /* Debug */,
				F030FC4F242961EE00F9DAA9 /* Release */,
			);
			defaultConfigurationIsVisible = 0;
			defaultConfigurationName = Release;
		};
		F030FC50242961EE00F9DAA9 /* Build configuration list for PBXNativeTarget "POC" */ = {
			isa = XCConfigurationList;
			buildConfigurations = (
				F030FC51242961EE00F9DAA9 /* Debug */,
				F030FC52242961EE00F9DAA9 /* Release */,
			);
			defaultConfigurationIsVisible = 0;
			defaultConfigurationName = Release;
		};
/* End XCConfigurationList section */
	};
	rootObject = F030FC34242961ED00F9DAA9 /* Project object */;
}
